// !$*UTF8*$!
{
	archiveVersion = 1;
	classes = {
	};
	objectVersion = 55;
	objects = {

/* Begin PBXBuildFile section */
		6D5FBD74286C32CA006C86F8 /* scheduleApp.swift in Sources */ = {isa = PBXBuildFile; fileRef = 6D5FBD73286C32CA006C86F8 /* scheduleApp.swift */; };
		6D5FBD76286C32CA006C86F8 /* ContentView.swift in Sources */ = {isa = PBXBuildFile; fileRef = 6D5FBD75286C32CA006C86F8 /* ContentView.swift */; };
		6D5FBD78286C32CF006C86F8 /* Assets.xcassets in Resources */ = {isa = PBXBuildFile; fileRef = 6D5FBD77286C32CF006C86F8 /* Assets.xcassets */; };
		6D5FBD7B286C32CF006C86F8 /* Preview Assets.xcassets in Resources */ = {isa = PBXBuildFile; fileRef = 6D5FBD7A286C32CF006C86F8 /* Preview Assets.xcassets */; };
		6D73AAB3291B6965001F7090 /* ReleaseSelectionView.swift in Sources */ = {isa = PBXBuildFile; fileRef = 6D73AAB2291B6965001F7090 /* ReleaseSelectionView.swift */; };
		6D8C1DD1286F2BB9008B00E3 /* ScheduleView.swift in Sources */ = {isa = PBXBuildFile; fileRef = 6D8C1DD0286F2BB9008B00E3 /* ScheduleView.swift */; };
		6D8F2B9A2884FED700AC3CB5 /* LoginView.swift in Sources */ = {isa = PBXBuildFile; fileRef = 6D8F2B992884FED700AC3CB5 /* LoginView.swift */; };
		6D8F2B9D2884FF6700AC3CB5 /* FirebaseAuth in Frameworks */ = {isa = PBXBuildFile; productRef = 6D8F2B9C2884FF6700AC3CB5 /* FirebaseAuth */; };
		6D8F2B9F28852EB700AC3CB5 /* HomeView.swift in Sources */ = {isa = PBXBuildFile; fileRef = 6D8F2B9E28852EB600AC3CB5 /* HomeView.swift */; };
		6D9D829728ACA69400EC1058 /* GoogleService-Info.plist in Resources */ = {isa = PBXBuildFile; fileRef = 6D9D829628ACA69400EC1058 /* GoogleService-Info.plist */; };
		6D9D829928AE0E4D00EC1058 /* EditView.swift in Sources */ = {isa = PBXBuildFile; fileRef = 6D9D829828AE0E4D00EC1058 /* EditView.swift */; };
		6DA7D9532888AC7D009C0B10 /* ScheduleViewModel.swift in Sources */ = {isa = PBXBuildFile; fileRef = 6DA7D9522888AC7D009C0B10 /* ScheduleViewModel.swift */; };
		6DA93197286FF0A40076112E /* AdditionView.swift in Sources */ = {isa = PBXBuildFile; fileRef = 6DA93196286FF0A40076112E /* AdditionView.swift */; };
		6DA9319A287095920076112E /* Model.swift in Sources */ = {isa = PBXBuildFile; fileRef = 6DA93199287095910076112E /* Model.swift */; };
		6DA93210287303E00076112E /* FirebaseAnalytics in Frameworks */ = {isa = PBXBuildFile; productRef = 6DA9320F287303E00076112E /* FirebaseAnalytics */; };
		6DA93212287303E00076112E /* FirebaseFirestore in Frameworks */ = {isa = PBXBuildFile; productRef = 6DA93211287303E00076112E /* FirebaseFirestore */; };
		6DA93214287303E00076112E /* FirebaseFirestoreSwift in Frameworks */ = {isa = PBXBuildFile; productRef = 6DA93213287303E00076112E /* FirebaseFirestoreSwift */; };
		6DC99B5328898F4F005663F9 /* FriendView.swift in Sources */ = {isa = PBXBuildFile; fileRef = 6DC99B5228898F4F005663F9 /* FriendView.swift */; };
		6DC99B56288A402F005663F9 /* FriendAddView.swift in Sources */ = {isa = PBXBuildFile; fileRef = 6DC99B55288A402F005663F9 /* FriendAddView.swift */; };
		6DC99B58288A6E3C005663F9 /* PermissionView.swift in Sources */ = {isa = PBXBuildFile; fileRef = 6DC99B57288A6E3C005663F9 /* PermissionView.swift */; };
		6DC99B5A288D2F15005663F9 /* ShareCalendarView.swift in Sources */ = {isa = PBXBuildFile; fileRef = 6DC99B59288D2F15005663F9 /* ShareCalendarView.swift */; };
		6DF5E5CD28B38F0D000E7689 /* Home.swift in Sources */ = {isa = PBXBuildFile; fileRef = 6DF5E5CC28B38F0D000E7689 /* Home.swift */; };
		6DF5E5CF28B38F13000E7689 /* CustomDatePicker.swift in Sources */ = {isa = PBXBuildFile; fileRef = 6DF5E5CE28B38F13000E7689 /* CustomDatePicker.swift */; };
/* End PBXBuildFile section */

/* Begin PBXFileReference section */
		6D5FBD70286C32CA006C86F8 /* schedule.app */ = {isa = PBXFileReference; explicitFileType = wrapper.application; includeInIndex = 0; path = schedule.app; sourceTree = BUILT_PRODUCTS_DIR; };
		6D5FBD73286C32CA006C86F8 /* scheduleApp.swift */ = {isa = PBXFileReference; lastKnownFileType = sourcecode.swift; path = scheduleApp.swift; sourceTree = "<group>"; };
		6D5FBD75286C32CA006C86F8 /* ContentView.swift */ = {isa = PBXFileReference; lastKnownFileType = sourcecode.swift; path = ContentView.swift; sourceTree = "<group>"; };
		6D5FBD77286C32CF006C86F8 /* Assets.xcassets */ = {isa = PBXFileReference; lastKnownFileType = folder.assetcatalog; path = Assets.xcassets; sourceTree = "<group>"; };
		6D5FBD7A286C32CF006C86F8 /* Preview Assets.xcassets */ = {isa = PBXFileReference; lastKnownFileType = folder.assetcatalog; path = "Preview Assets.xcassets"; sourceTree = "<group>"; };
		6D73AAB2291B6965001F7090 /* ReleaseSelectionView.swift */ = {isa = PBXFileReference; lastKnownFileType = sourcecode.swift; path = ReleaseSelectionView.swift; sourceTree = "<group>"; };
		6D8C1DD0286F2BB9008B00E3 /* ScheduleView.swift */ = {isa = PBXFileReference; lastKnownFileType = sourcecode.swift; path = ScheduleView.swift; sourceTree = "<group>"; };
		6D8F2B992884FED700AC3CB5 /* LoginView.swift */ = {isa = PBXFileReference; lastKnownFileType = sourcecode.swift; path = LoginView.swift; sourceTree = "<group>"; };
		6D8F2B9E28852EB600AC3CB5 /* HomeView.swift */ = {isa = PBXFileReference; lastKnownFileType = sourcecode.swift; path = HomeView.swift; sourceTree = "<group>"; };
		6D9D829628ACA69400EC1058 /* GoogleService-Info.plist */ = {isa = PBXFileReference; fileEncoding = 4; lastKnownFileType = text.plist.xml; path = "GoogleService-Info.plist"; sourceTree = "<group>"; };
		6D9D829828AE0E4D00EC1058 /* EditView.swift */ = {isa = PBXFileReference; lastKnownFileType = sourcecode.swift; path = EditView.swift; sourceTree = "<group>"; };
		6DA7D9522888AC7D009C0B10 /* ScheduleViewModel.swift */ = {isa = PBXFileReference; lastKnownFileType = sourcecode.swift; path = ScheduleViewModel.swift; sourceTree = "<group>"; };
		6DA93196286FF0A40076112E /* AdditionView.swift */ = {isa = PBXFileReference; lastKnownFileType = sourcecode.swift; path = AdditionView.swift; sourceTree = "<group>"; };
		6DA93199287095910076112E /* Model.swift */ = {isa = PBXFileReference; lastKnownFileType = sourcecode.swift; path = Model.swift; sourceTree = "<group>"; };
		6DC99B5228898F4F005663F9 /* FriendView.swift */ = {isa = PBXFileReference; lastKnownFileType = sourcecode.swift; path = FriendView.swift; sourceTree = "<group>"; };
		6DC99B55288A402F005663F9 /* FriendAddView.swift */ = {isa = PBXFileReference; lastKnownFileType = sourcecode.swift; path = FriendAddView.swift; sourceTree = "<group>"; };
		6DC99B57288A6E3C005663F9 /* PermissionView.swift */ = {isa = PBXFileReference; lastKnownFileType = sourcecode.swift; path = PermissionView.swift; sourceTree = "<group>"; };
		6DC99B59288D2F15005663F9 /* ShareCalendarView.swift */ = {isa = PBXFileReference; lastKnownFileType = sourcecode.swift; path = ShareCalendarView.swift; sourceTree = "<group>"; };
		6DF5E5CC28B38F0D000E7689 /* Home.swift */ = {isa = PBXFileReference; fileEncoding = 4; lastKnownFileType = sourcecode.swift; path = Home.swift; sourceTree = "<group>"; };
		6DF5E5CE28B38F13000E7689 /* CustomDatePicker.swift */ = {isa = PBXFileReference; fileEncoding = 4; lastKnownFileType = sourcecode.swift; path = CustomDatePicker.swift; sourceTree = "<group>"; };
/* End PBXFileReference section */

/* Begin PBXFrameworksBuildPhase section */
		6D5FBD6D286C32CA006C86F8 /* Frameworks */ = {
			isa = PBXFrameworksBuildPhase;
			buildActionMask = 2147483647;
			files = (
				6DA93210287303E00076112E /* FirebaseAnalytics in Frameworks */,
				6DA93212287303E00076112E /* FirebaseFirestore in Frameworks */,
				6DA93214287303E00076112E /* FirebaseFirestoreSwift in Frameworks */,
				6D8F2B9D2884FF6700AC3CB5 /* FirebaseAuth in Frameworks */,
			);
			runOnlyForDeploymentPostprocessing = 0;
		};
/* End PBXFrameworksBuildPhase section */

/* Begin PBXGroup section */
		6D5FBD67286C32CA006C86F8 = {
			isa = PBXGroup;
			children = (
				6D5FBD72286C32CA006C86F8 /* schedule */,
				6D5FBD71286C32CA006C86F8 /* Products */,
			);
			sourceTree = "<group>";
		};
		6D5FBD71286C32CA006C86F8 /* Products */ = {
			isa = PBXGroup;
			children = (
				6D5FBD70286C32CA006C86F8 /* schedule.app */,
			);
			name = Products;
			sourceTree = "<group>";
		};
		6D5FBD72286C32CA006C86F8 /* schedule */ = {
			isa = PBXGroup;
			children = (
				6DA931982870954A0076112E /* Model */,
				6DA7D9512888AC4E009C0B10 /* ViewModel */,
				6D5FBD83286C45FC006C86F8 /* View */,
				6D5FBD73286C32CA006C86F8 /* scheduleApp.swift */,
				6D5FBD75286C32CA006C86F8 /* ContentView.swift */,
				6D9D829628ACA69400EC1058 /* GoogleService-Info.plist */,
				6D5FBD77286C32CF006C86F8 /* Assets.xcassets */,
				6D5FBD79286C32CF006C86F8 /* Preview Content */,
			);
			path = schedule;
			sourceTree = "<group>";
		};
		6D5FBD79286C32CF006C86F8 /* Preview Content */ = {
			isa = PBXGroup;
			children = (
				6D5FBD7A286C32CF006C86F8 /* Preview Assets.xcassets */,
			);
			path = "Preview Content";
			sourceTree = "<group>";
		};
		6D5FBD83286C45FC006C86F8 /* View */ = {
			isa = PBXGroup;
			children = (
				6D8F2B9E28852EB600AC3CB5 /* HomeView.swift */,
				6D8C1DD0286F2BB9008B00E3 /* ScheduleView.swift */,
				6DF5E5CB28B38EFB000E7689 /* Calendar */,
				6DA93196286FF0A40076112E /* AdditionView.swift */,
				6D73AAB2291B6965001F7090 /* ReleaseSelectionView.swift */,
				6D9D829828AE0E4D00EC1058 /* EditView.swift */,
				6DC99B54288A3F81005663F9 /* Share */,
				6D8F2B992884FED700AC3CB5 /* LoginView.swift */,
			);
			path = View;
			sourceTree = "<group>";
		};
		6DA7D9512888AC4E009C0B10 /* ViewModel */ = {
			isa = PBXGroup;
			children = (
				6DA7D9522888AC7D009C0B10 /* ScheduleViewModel.swift */,
			);
			path = ViewModel;
			sourceTree = "<group>";
		};
		6DA931982870954A0076112E /* Model */ = {
			isa = PBXGroup;
			children = (
				6DA93199287095910076112E /* Model.swift */,
			);
			path = Model;
			sourceTree = "<group>";
		};
		6DC99B54288A3F81005663F9 /* Share */ = {
			isa = PBXGroup;
			children = (
				6DC99B5228898F4F005663F9 /* FriendView.swift */,
				6DC99B59288D2F15005663F9 /* ShareCalendarView.swift */,
				6DC99B55288A402F005663F9 /* FriendAddView.swift */,
				6DC99B57288A6E3C005663F9 /* PermissionView.swift */,
			);
			path = Share;
			sourceTree = "<group>";
		};
		6DF5E5CB28B38EFB000E7689 /* Calendar */ = {
			isa = PBXGroup;
			children = (
				6DF5E5CC28B38F0D000E7689 /* Home.swift */,
				6DF5E5CE28B38F13000E7689 /* CustomDatePicker.swift */,
			);
			path = Calendar;
			sourceTree = "<group>";
		};
/* End PBXGroup section */

/* Begin PBXNativeTarget section */
		6D5FBD6F286C32CA006C86F8 /* schedule */ = {
			isa = PBXNativeTarget;
			buildConfigurationList = 6D5FBD7E286C32CF006C86F8 /* Build configuration list for PBXNativeTarget "schedule" */;
			buildPhases = (
				6D5FBD6C286C32CA006C86F8 /* Sources */,
				6D5FBD6D286C32CA006C86F8 /* Frameworks */,
				6D5FBD6E286C32CA006C86F8 /* Resources */,
			);
			buildRules = (
			);
			dependencies = (
			);
			name = schedule;
			packageProductDependencies = (
				6DA9320F287303E00076112E /* FirebaseAnalytics */,
				6DA93211287303E00076112E /* FirebaseFirestore */,
				6DA93213287303E00076112E /* FirebaseFirestoreSwift */,
				6D8F2B9C2884FF6700AC3CB5 /* FirebaseAuth */,
			);
			productName = schedule;
			productReference = 6D5FBD70286C32CA006C86F8 /* schedule.app */;
			productType = "com.apple.product-type.application";
		};
/* End PBXNativeTarget section */

/* Begin PBXProject section */
		6D5FBD68286C32CA006C86F8 /* Project object */ = {
			isa = PBXProject;
			attributes = {
				BuildIndependentTargetsInParallel = 1;
				LastSwiftUpdateCheck = 1340;
				LastUpgradeCheck = 1340;
				TargetAttributes = {
					6D5FBD6F286C32CA006C86F8 = {
						CreatedOnToolsVersion = 13.4.1;
					};
				};
			};
			buildConfigurationList = 6D5FBD6B286C32CA006C86F8 /* Build configuration list for PBXProject "schedule" */;
			compatibilityVersion = "Xcode 13.0";
			developmentRegion = en;
			hasScannedForEncodings = 0;
			knownRegions = (
				en,
				Base,
			);
			mainGroup = 6D5FBD67286C32CA006C86F8;
			packageReferences = (
				6DA9320E287303E00076112E /* XCRemoteSwiftPackageReference "firebase-ios-sdk" */,
				6D8F2B9B2884FF6700AC3CB5 /* XCRemoteSwiftPackageReference "firebase-ios-sdk" */,
			);
			productRefGroup = 6D5FBD71286C32CA006C86F8 /* Products */;
			projectDirPath = "";
			projectRoot = "";
			targets = (
				6D5FBD6F286C32CA006C86F8 /* schedule */,
			);
		};
/* End PBXProject section */

/* Begin PBXResourcesBuildPhase section */
		6D5FBD6E286C32CA006C86F8 /* Resources */ = {
			isa = PBXResourcesBuildPhase;
			buildActionMask = 2147483647;
			files = (
				6D5FBD7B286C32CF006C86F8 /* Preview Assets.xcassets in Resources */,
				6D9D829728ACA69400EC1058 /* GoogleService-Info.plist in Resources */,
				6D5FBD78286C32CF006C86F8 /* Assets.xcassets in Resources */,
			);
			runOnlyForDeploymentPostprocessing = 0;
		};
/* End PBXResourcesBuildPhase section */

/* Begin PBXSourcesBuildPhase section */
		6D5FBD6C286C32CA006C86F8 /* Sources */ = {
			isa = PBXSourcesBuildPhase;
			buildActionMask = 2147483647;
			files = (
				6D8F2B9A2884FED700AC3CB5 /* LoginView.swift in Sources */,
				6D8F2B9F28852EB700AC3CB5 /* HomeView.swift in Sources */,
				6DA93197286FF0A40076112E /* AdditionView.swift in Sources */,
				6DA7D9532888AC7D009C0B10 /* ScheduleViewModel.swift in Sources */,
				6DC99B56288A402F005663F9 /* FriendAddView.swift in Sources */,
				6D5FBD76286C32CA006C86F8 /* ContentView.swift in Sources */,
				6D8C1DD1286F2BB9008B00E3 /* ScheduleView.swift in Sources */,
				6D73AAB3291B6965001F7090 /* ReleaseSelectionView.swift in Sources */,
				6DF5E5CF28B38F13000E7689 /* CustomDatePicker.swift in Sources */,
				6D9D829928AE0E4D00EC1058 /* EditView.swift in Sources */,
				6DC99B58288A6E3C005663F9 /* PermissionView.swift in Sources */,
				6DC99B5328898F4F005663F9 /* FriendView.swift in Sources */,
				6D5FBD74286C32CA006C86F8 /* scheduleApp.swift in Sources */,
				6DC99B5A288D2F15005663F9 /* ShareCalendarView.swift in Sources */,
				6DF5E5CD28B38F0D000E7689 /* Home.swift in Sources */,
				6DA9319A287095920076112E /* Model.swift in Sources */,
			);
			runOnlyForDeploymentPostprocessing = 0;
		};
/* End PBXSourcesBuildPhase section */

/* Begin XCBuildConfiguration section */
		6D5FBD7C286C32CF006C86F8 /* Debug */ = {
			isa = XCBuildConfiguration;
			buildSettings = {
				ALWAYS_SEARCH_USER_PATHS = NO;
				CLANG_ANALYZER_NONNULL = YES;
				CLANG_ANALYZER_NUMBER_OBJECT_CONVERSION = YES_AGGRESSIVE;
				CLANG_CXX_LANGUAGE_STANDARD = "gnu++17";
				CLANG_ENABLE_MODULES = YES;
				CLANG_ENABLE_OBJC_ARC = YES;
				CLANG_ENABLE_OBJC_WEAK = YES;
				CLANG_WARN_BLOCK_CAPTURE_AUTORELEASING = YES;
				CLANG_WARN_BOOL_CONVERSION = YES;
				CLANG_WARN_COMMA = YES;
				CLANG_WARN_CONSTANT_CONVERSION = YES;
				CLANG_WARN_DEPRECATED_OBJC_IMPLEMENTATIONS = YES;
				CLANG_WARN_DIRECT_OBJC_ISA_USAGE = YES_ERROR;
				CLANG_WARN_DOCUMENTATION_COMMENTS = YES;
				CLANG_WARN_EMPTY_BODY = YES;
				CLANG_WARN_ENUM_CONVERSION = YES;
				CLANG_WARN_INFINITE_RECURSION = YES;
				CLANG_WARN_INT_CONVERSION = YES;
				CLANG_WARN_NON_LITERAL_NULL_CONVERSION = YES;
				CLANG_WARN_OBJC_IMPLICIT_RETAIN_SELF = YES;
				CLANG_WARN_OBJC_LITERAL_CONVERSION = YES;
				CLANG_WARN_OBJC_ROOT_CLASS = YES_ERROR;
				CLANG_WARN_QUOTED_INCLUDE_IN_FRAMEWORK_HEADER = YES;
				CLANG_WARN_RANGE_LOOP_ANALYSIS = YES;
				CLANG_WARN_STRICT_PROTOTYPES = YES;
				CLANG_WARN_SUSPICIOUS_MOVE = YES;
				CLANG_WARN_UNGUARDED_AVAILABILITY = YES_AGGRESSIVE;
				CLANG_WARN_UNREACHABLE_CODE = YES;
				CLANG_WARN__DUPLICATE_METHOD_MATCH = YES;
				COPY_PHASE_STRIP = NO;
				DEBUG_INFORMATION_FORMAT = dwarf;
				ENABLE_STRICT_OBJC_MSGSEND = YES;
				ENABLE_TESTABILITY = YES;
				GCC_C_LANGUAGE_STANDARD = gnu11;
				GCC_DYNAMIC_NO_PIC = NO;
				GCC_NO_COMMON_BLOCKS = YES;
				GCC_OPTIMIZATION_LEVEL = 0;
				GCC_PREPROCESSOR_DEFINITIONS = (
					"DEBUG=1",
					"$(inherited)",
				);
				GCC_WARN_64_TO_32_BIT_CONVERSION = YES;
				GCC_WARN_ABOUT_RETURN_TYPE = YES_ERROR;
				GCC_WARN_UNDECLARED_SELECTOR = YES;
				GCC_WARN_UNINITIALIZED_AUTOS = YES_AGGRESSIVE;
				GCC_WARN_UNUSED_FUNCTION = YES;
				GCC_WARN_UNUSED_VARIABLE = YES;
				IPHONEOS_DEPLOYMENT_TARGET = 15.5;
				MTL_ENABLE_DEBUG_INFO = INCLUDE_SOURCE;
				MTL_FAST_MATH = YES;
				ONLY_ACTIVE_ARCH = YES;
				SDKROOT = iphoneos;
				SWIFT_ACTIVE_COMPILATION_CONDITIONS = DEBUG;
				SWIFT_OPTIMIZATION_LEVEL = "-Onone";
			};
			name = Debug;
		};
		6D5FBD7D286C32CF006C86F8 /* Release */ = {
			isa = XCBuildConfiguration;
			buildSettings = {
				ALWAYS_SEARCH_USER_PATHS = NO;
				CLANG_ANALYZER_NONNULL = YES;
				CLANG_ANALYZER_NUMBER_OBJECT_CONVERSION = YES_AGGRESSIVE;
				CLANG_CXX_LANGUAGE_STANDARD = "gnu++17";
				CLANG_ENABLE_MODULES = YES;
				CLANG_ENABLE_OBJC_ARC = YES;
				CLANG_ENABLE_OBJC_WEAK = YES;
				CLANG_WARN_BLOCK_CAPTURE_AUTORELEASING = YES;
				CLANG_WARN_BOOL_CONVERSION = YES;
				CLANG_WARN_COMMA = YES;
				CLANG_WARN_CONSTANT_CONVERSION = YES;
				CLANG_WARN_DEPRECATED_OBJC_IMPLEMENTATIONS = YES;
				CLANG_WARN_DIRECT_OBJC_ISA_USAGE = YES_ERROR;
				CLANG_WARN_DOCUMENTATION_COMMENTS = YES;
				CLANG_WARN_EMPTY_BODY = YES;
				CLANG_WARN_ENUM_CONVERSION = YES;
				CLANG_WARN_INFINITE_RECURSION = YES;
				CLANG_WARN_INT_CONVERSION = YES;
				CLANG_WARN_NON_LITERAL_NULL_CONVERSION = YES;
				CLANG_WARN_OBJC_IMPLICIT_RETAIN_SELF = YES;
				CLANG_WARN_OBJC_LITERAL_CONVERSION = YES;
				CLANG_WARN_OBJC_ROOT_CLASS = YES_ERROR;
				CLANG_WARN_QUOTED_INCLUDE_IN_FRAMEWORK_HEADER = YES;
				CLANG_WARN_RANGE_LOOP_ANALYSIS = YES;
				CLANG_WARN_STRICT_PROTOTYPES = YES;
				CLANG_WARN_SUSPICIOUS_MOVE = YES;
				CLANG_WARN_UNGUARDED_AVAILABILITY = YES_AGGRESSIVE;
				CLANG_WARN_UNREACHABLE_CODE = YES;
				CLANG_WARN__DUPLICATE_METHOD_MATCH = YES;
				COPY_PHASE_STRIP = NO;
				DEBUG_INFORMATION_FORMAT = "dwarf-with-dsym";
				ENABLE_NS_ASSERTIONS = NO;
				ENABLE_STRICT_OBJC_MSGSEND = YES;
				GCC_C_LANGUAGE_STANDARD = gnu11;
				GCC_NO_COMMON_BLOCKS = YES;
				GCC_WARN_64_TO_32_BIT_CONVERSION = YES;
				GCC_WARN_ABOUT_RETURN_TYPE = YES_ERROR;
				GCC_WARN_UNDECLARED_SELECTOR = YES;
				GCC_WARN_UNINITIALIZED_AUTOS = YES_AGGRESSIVE;
				GCC_WARN_UNUSED_FUNCTION = YES;
				GCC_WARN_UNUSED_VARIABLE = YES;
				IPHONEOS_DEPLOYMENT_TARGET = 15.5;
				MTL_ENABLE_DEBUG_INFO = NO;
				MTL_FAST_MATH = YES;
				SDKROOT = iphoneos;
				SWIFT_COMPILATION_MODE = wholemodule;
				SWIFT_OPTIMIZATION_LEVEL = "-O";
				VALIDATE_PRODUCT = YES;
			};
			name = Release;
		};
		6D5FBD7F286C32CF006C86F8 /* Debug */ = {
			isa = XCBuildConfiguration;
			buildSettings = {
				ASSETCATALOG_COMPILER_APPICON_NAME = AppIcon;
				ASSETCATALOG_COMPILER_GLOBAL_ACCENT_COLOR_NAME = AccentColor;
				CODE_SIGN_STYLE = Automatic;
				CURRENT_PROJECT_VERSION = 1;
				DEVELOPMENT_ASSET_PATHS = "\"schedule/Preview Content\"";
				DEVELOPMENT_TEAM = 8X3B32HY9X;
				ENABLE_PREVIEWS = YES;
				GENERATE_INFOPLIST_FILE = YES;
				INFOPLIST_KEY_UIApplicationSceneManifest_Generation = YES;
				INFOPLIST_KEY_UIApplicationSupportsIndirectInputEvents = YES;
				INFOPLIST_KEY_UILaunchScreen_Generation = YES;
				INFOPLIST_KEY_UISupportedInterfaceOrientations_iPad = "UIInterfaceOrientationPortrait UIInterfaceOrientationPortraitUpsideDown UIInterfaceOrientationLandscapeLeft UIInterfaceOrientationLandscapeRight";
				INFOPLIST_KEY_UISupportedInterfaceOrientations_iPhone = "UIInterfaceOrientationPortrait UIInterfaceOrientationLandscapeLeft UIInterfaceOrientationLandscapeRight";
				IPHONEOS_DEPLOYMENT_TARGET = 15.5;
				LD_RUNPATH_SEARCH_PATHS = (
					"$(inherited)",
					"@executable_path/Frameworks",
				);
				MARKETING_VERSION = 1.0;
				PRODUCT_BUNDLE_IDENTIFIER = com.monten.schedule;
				PRODUCT_NAME = "$(TARGET_NAME)";
				SWIFT_EMIT_LOC_STRINGS = YES;
				SWIFT_VERSION = 5.0;
				TARGETED_DEVICE_FAMILY = "1,2";
			};
			name = Debug;
		};
		6D5FBD80286C32CF006C86F8 /* Release */ = {
			isa = XCBuildConfiguration;
			buildSettings = {
				ASSETCATALOG_COMPILER_APPICON_NAME = AppIcon;
				ASSETCATALOG_COMPILER_GLOBAL_ACCENT_COLOR_NAME = AccentColor;
				CODE_SIGN_STYLE = Automatic;
				CURRENT_PROJECT_VERSION = 1;
				DEVELOPMENT_ASSET_PATHS = "\"schedule/Preview Content\"";
				DEVELOPMENT_TEAM = 8X3B32HY9X;
				ENABLE_PREVIEWS = YES;
				GENERATE_INFOPLIST_FILE = YES;
				INFOPLIST_KEY_UIApplicationSceneManifest_Generation = YES;
				INFOPLIST_KEY_UIApplicationSupportsIndirectInputEvents = YES;
				INFOPLIST_KEY_UILaunchScreen_Generation = YES;
				INFOPLIST_KEY_UISupportedInterfaceOrientations_iPad = "UIInterfaceOrientationPortrait UIInterfaceOrientationPortraitUpsideDown UIInterfaceOrientationLandscapeLeft UIInterfaceOrientationLandscapeRight";
				INFOPLIST_KEY_UISupportedInterfaceOrientations_iPhone = "UIInterfaceOrientationPortrait UIInterfaceOrientationLandscapeLeft UIInterfaceOrientationLandscapeRight";
				IPHONEOS_DEPLOYMENT_TARGET = 15.5;
				LD_RUNPATH_SEARCH_PATHS = (
					"$(inherited)",
					"@executable_path/Frameworks",
				);
				MARKETING_VERSION = 1.0;
				PRODUCT_BUNDLE_IDENTIFIER = com.monten.schedule;
				PRODUCT_NAME = "$(TARGET_NAME)";
				SWIFT_EMIT_LOC_STRINGS = YES;
				SWIFT_VERSION = 5.0;
				TARGETED_DEVICE_FAMILY = "1,2";
			};
			name = Release;
		};
/* End XCBuildConfiguration section */

/* Begin XCConfigurationList section */
		6D5FBD6B286C32CA006C86F8 /* Build configuration list for PBXProject "schedule" */ = {
			isa = XCConfigurationList;
			buildConfigurations = (
				6D5FBD7C286C32CF006C86F8 /* Debug */,
				6D5FBD7D286C32CF006C86F8 /* Release */,
			);
			defaultConfigurationIsVisible = 0;
			defaultConfigurationName = Release;
		};
		6D5FBD7E286C32CF006C86F8 /* Build configuration list for PBXNativeTarget "schedule" */ = {
			isa = XCConfigurationList;
			buildConfigurations = (
				6D5FBD7F286C32CF006C86F8 /* Debug */,
				6D5FBD80286C32CF006C86F8 /* Release */,
			);
			defaultConfigurationIsVisible = 0;
			defaultConfigurationName = Release;
		};
/* End XCConfigurationList section */

/* Begin XCRemoteSwiftPackageReference section */
		6D8F2B9B2884FF6700AC3CB5 /* XCRemoteSwiftPackageReference "firebase-ios-sdk" */ = {
			isa = XCRemoteSwiftPackageReference;
			repositoryURL = "https://github.com/firebase/firebase-ios-sdk";
			requirement = {
				kind = upToNextMajorVersion;
				minimumVersion = 9.0.0;
			};
		};
		6DA9320E287303E00076112E /* XCRemoteSwiftPackageReference "firebase-ios-sdk" */ = {
			isa = XCRemoteSwiftPackageReference;
			repositoryURL = "https://github.com/firebase/firebase-ios-sdk";
			requirement = {
				kind = upToNextMajorVersion;
				minimumVersion = 9.0.0;
			};
		};
/* End XCRemoteSwiftPackageReference section */

/* Begin XCSwiftPackageProductDependency section */
		6D8F2B9C2884FF6700AC3CB5 /* FirebaseAuth */ = {
			isa = XCSwiftPackageProductDependency;
			package = 6DA9320E287303E00076112E /* XCRemoteSwiftPackageReference "firebase-ios-sdk" */;
			productName = FirebaseAuth;
		};
		6DA9320F287303E00076112E /* FirebaseAnalytics */ = {
			isa = XCSwiftPackageProductDependency;
			package = 6DA9320E287303E00076112E /* XCRemoteSwiftPackageReference "firebase-ios-sdk" */;
			productName = FirebaseAnalytics;
		};
		6DA93211287303E00076112E /* FirebaseFirestore */ = {
			isa = XCSwiftPackageProductDependency;
			package = 6DA9320E287303E00076112E /* XCRemoteSwiftPackageReference "firebase-ios-sdk" */;
			productName = FirebaseFirestore;
		};
		6DA93213287303E00076112E /* FirebaseFirestoreSwift */ = {
			isa = XCSwiftPackageProductDependency;
			package = 6DA9320E287303E00076112E /* XCRemoteSwiftPackageReference "firebase-ios-sdk" */;
			productName = FirebaseFirestoreSwift;
		};
/* End XCSwiftPackageProductDependency section */
	};
	rootObject = 6D5FBD68286C32CA006C86F8 /* Project object */;
}
